
Microsoft Visual Studio Solution File, Format Version 12.00
# Visual Studio Version 17
VisualStudioVersion = 17.9.34622.214
MinimumVisualStudioVersion = 10.0.40219.1
Project("{FAE04EC0-301F-11D3-BF4B-00C04F79EFBC}") = "PartyInvites", "PartyInvites\PartyInvites.csproj", "{2BB638F7-1758-48AF-AE14-B661DA976E0E}"
EndProject
Global
	GlobalSection(SolutionConfigurationPlatforms) = preSolution
		Debug|Any CPU = Debug|Any CPU
		Release|Any CPU = Release|Any CPU
	EndGlobalSection
	GlobalSection(ProjectConfigurationPlatforms) = postSolution
		{2BB638F7-1758-48AF-AE14-B661DA976E0E}.Debug|Any CPU.ActiveCfg = Debug|Any CPU
		{2BB638F7-1758-48AF-AE14-B661DA976E0E}.Debug|Any CPU.Build.0 = Debug|Any CPU
		{2BB638F7-1758-48AF-AE14-B661DA976E0E}.Release|Any CPU.ActiveCfg = Release|Any CPU
		{2BB638F7-1758-48AF-AE14-B661DA976E0E}.Release|Any CPU.Build.0 = Release|Any CPU
	EndGlobalSection
	GlobalSection(SolutionProperties) = preSolution
		HideSolutionNode = FALSE
	EndGlobalSection
	GlobalSection(ExtensibilityGlobals) = postSolution
		SolutionGuid = {5A938075-CF2E-4961-A986-48DB888BE6BE}
	EndGlobalSection
EndGlobal
